
Microsoft Visual Studio Solution File, Format Version 12.00
# Visual Studio Version 17
VisualStudioVersion = 17.2.32630.192
MinimumVisualStudioVersion = 10.0.40219.1
Project("{FAE04EC0-301F-11D3-BF4B-00C04F79EFBC}") = "loginregisterlogout", "loginregisterlogout\loginregisterlogout.csproj", "{DECFA370-99CB-4B12-A27F-99E9213AAA34}"
EndProject
Global
	GlobalSection(SolutionConfigurationPlatforms) = preSolution
		Debug|Any CPU = Debug|Any CPU
		Release|Any CPU = Release|Any CPU
	EndGlobalSection
	GlobalSection(ProjectConfigurationPlatforms) = postSolution
		{DECFA370-99CB-4B12-A27F-99E9213AAA34}.Debug|Any CPU.ActiveCfg = Debug|Any CPU
		{DECFA370-99CB-4B12-A27F-99E9213AAA34}.Debug|Any CPU.Build.0 = Debug|Any CPU
		{DECFA370-99CB-4B12-A27F-99E9213AAA34}.Release|Any CPU.ActiveCfg = Release|Any CPU
		{DECFA370-99CB-4B12-A27F-99E9213AAA34}.Release|Any CPU.Build.0 = Release|Any CPU
	EndGlobalSection
	GlobalSection(SolutionProperties) = preSolution
		HideSolutionNode = FALSE
	EndGlobalSection
	GlobalSection(ExtensibilityGlobals) = postSolution
		SolutionGuid = {486FD098-8792-40FD-BB98-5C19A7B055F3}
	EndGlobalSection
EndGlobal
